
Microsoft Visual Studio Solution File, Format Version 12.00
# Visual Studio Version 16
VisualStudioVersion = 16.0.31605.320
MinimumVisualStudioVersion = 10.0.40219.1
Project("{FAE04EC0-301F-11D3-BF4B-00C04F79EFBC}") = "3-in-1", "3-in-1\3-in-1.csproj", "{A7CA9016-E9EE-4A78-93D9-A3B658129D5A}"
EndProject
Global
	GlobalSection(SolutionConfigurationPlatforms) = preSolution
		Debug|Any CPU = Debug|Any CPU
		Release|Any CPU = Release|Any CPU
	EndGlobalSection
	GlobalSection(ProjectConfigurationPlatforms) = postSolution
		{A7CA9016-E9EE-4A78-93D9-A3B658129D5A}.Debug|Any CPU.ActiveCfg = Debug|Any CPU
		{A7CA9016-E9EE-4A78-93D9-A3B658129D5A}.Debug|Any CPU.Build.0 = Debug|Any CPU
		{A7CA9016-E9EE-4A78-93D9-A3B658129D5A}.Release|Any CPU.ActiveCfg = Release|Any CPU
		{A7CA9016-E9EE-4A78-93D9-A3B658129D5A}.Release|Any CPU.Build.0 = Release|Any CPU
	EndGlobalSection
	GlobalSection(SolutionProperties) = preSolution
		HideSolutionNode = FALSE
	EndGlobalSection
	GlobalSection(ExtensibilityGlobals) = postSolution
		SolutionGuid = {1FB31330-FC99-4F0B-85B2-D1948AD81E2D}
	EndGlobalSection
EndGlobal
