
Microsoft Visual Studio Solution File, Format Version 12.00
# Visual Studio Version 16
VisualStudioVersion = 16.0.31605.320
MinimumVisualStudioVersion = 10.0.40219.1
Project("{FAE04EC0-301F-11D3-BF4B-00C04F79EFBC}") = "3in1", "3in1\3in1.csproj", "{3F8373E8-048D-4D53-9613-E2913C6AA6EA}"
EndProject
Global
	GlobalSection(SolutionConfigurationPlatforms) = preSolution
		Debug|Any CPU = Debug|Any CPU
		Release|Any CPU = Release|Any CPU
	EndGlobalSection
	GlobalSection(ProjectConfigurationPlatforms) = postSolution
		{3F8373E8-048D-4D53-9613-E2913C6AA6EA}.Debug|Any CPU.ActiveCfg = Debug|Any CPU
		{3F8373E8-048D-4D53-9613-E2913C6AA6EA}.Debug|Any CPU.Build.0 = Debug|Any CPU
		{3F8373E8-048D-4D53-9613-E2913C6AA6EA}.Release|Any CPU.ActiveCfg = Release|Any CPU
		{3F8373E8-048D-4D53-9613-E2913C6AA6EA}.Release|Any CPU.Build.0 = Release|Any CPU
	EndGlobalSection
	GlobalSection(SolutionProperties) = preSolution
		HideSolutionNode = FALSE
	EndGlobalSection
	GlobalSection(ExtensibilityGlobals) = postSolution
		SolutionGuid = {963C9818-A5CB-4601-B182-A2A6F39F071E}
	EndGlobalSection
EndGlobal
